// !$*UTF8*$!
{
	archiveVersion = 1;
	classes = {
	};
	objectVersion = 48;
	objects = {

/* Begin PBXBuildFile section */
		848F7B311FEA237F0043DDED /* AppDelegate.swift in Sources */ = {isa = PBXBuildFile; fileRef = 848F7B301FEA237F0043DDED /* AppDelegate.swift */; };
		848F7B331FEA237F0043DDED /* TodoLIst_viewcontroller.swift in Sources */ = {isa = PBXBuildFile; fileRef = 848F7B321FEA237F0043DDED /* TodoLIst_viewcontroller.swift */; };
		848F7B361FEA237F0043DDED /* Main.storyboard in Resources */ = {isa = PBXBuildFile; fileRef = 848F7B341FEA237F0043DDED /* Main.storyboard */; };
		848F7B381FEA237F0043DDED /* Assets.xcassets in Resources */ = {isa = PBXBuildFile; fileRef = 848F7B371FEA237F0043DDED /* Assets.xcassets */; };
		848F7B3B1FEA237F0043DDED /* LaunchScreen.storyboard in Resources */ = {isa = PBXBuildFile; fileRef = 848F7B391FEA237F0043DDED /* LaunchScreen.storyboard */; };
		848F7B431FEA2B7A0043DDED /* mh3.swift in Sources */ = {isa = PBXBuildFile; fileRef = 848F7B421FEA2B7A0043DDED /* mh3.swift */; };
/* End PBXBuildFile section */

/* Begin PBXFileReference section */
		848F7B2D1FEA237F0043DDED /* todo_list.app */ = {isa = PBXFileReference; explicitFileType = wrapper.application; includeInIndex = 0; path = todo_list.app; sourceTree = BUILT_PRODUCTS_DIR; };
		848F7B301FEA237F0043DDED /* AppDelegate.swift */ = {isa = PBXFileReference; lastKnownFileType = sourcecode.swift; path = AppDelegate.swift; sourceTree = "<group>"; };
		848F7B321FEA237F0043DDED /* TodoLIst_viewcontroller.swift */ = {isa = PBXFileReference; lastKnownFileType = sourcecode.swift; path = TodoLIst_viewcontroller.swift; sourceTree = "<group>"; };
		848F7B351FEA237F0043DDED /* Base */ = {isa = PBXFileReference; lastKnownFileType = file.storyboard; name = Base; path = Base.lproj/Main.storyboard; sourceTree = "<group>"; };
		848F7B371FEA237F0043DDED /* Assets.xcassets */ = {isa = PBXFileReference; lastKnownFileType = folder.assetcatalog; path = Assets.xcassets; sourceTree = "<group>"; };
		848F7B3A1FEA237F0043DDED /* Base */ = {isa = PBXFileReference; lastKnownFileType = file.storyboard; name = Base; path = Base.lproj/LaunchScreen.storyboard; sourceTree = "<group>"; };
		848F7B3C1FEA237F0043DDED /* Info.plist */ = {isa = PBXFileReference; lastKnownFileType = text.plist.xml; path = Info.plist; sourceTree = "<group>"; };
		848F7B421FEA2B7A0043DDED /* mh3.swift */ = {isa = PBXFileReference; lastKnownFileType = sourcecode.swift; path = mh3.swift; sourceTree = "<group>"; };
/* End PBXFileReference section */

/* Begin PBXFrameworksBuildPhase section */
		848F7B2A1FEA237F0043DDED /* Frameworks */ = {
			isa = PBXFrameworksBuildPhase;
			buildActionMask = 2147483647;
			files = (
			);
			runOnlyForDeploymentPostprocessing = 0;
		};
/* End PBXFrameworksBuildPhase section */

/* Begin PBXGroup section */
		848F7B241FEA237F0043DDED = {
			isa = PBXGroup;
			children = (
				848F7B2F1FEA237F0043DDED /* todo_list */,
				848F7B2E1FEA237F0043DDED /* Products */,
			);
			sourceTree = "<group>";
		};
		848F7B2E1FEA237F0043DDED /* Products */ = {
			isa = PBXGroup;
			children = (
				848F7B2D1FEA237F0043DDED /* todo_list.app */,
			);
			name = Products;
			sourceTree = "<group>";
		};
		848F7B2F1FEA237F0043DDED /* todo_list */ = {
			isa = PBXGroup;
			children = (
				848F7B301FEA237F0043DDED /* AppDelegate.swift */,
				848F7B321FEA237F0043DDED /* TodoLIst_viewcontroller.swift */,
				848F7B341FEA237F0043DDED /* Main.storyboard */,
				848F7B371FEA237F0043DDED /* Assets.xcassets */,
				848F7B391FEA237F0043DDED /* LaunchScreen.storyboard */,
				848F7B3C1FEA237F0043DDED /* Info.plist */,
				848F7B421FEA2B7A0043DDED /* mh3.swift */,
			);
			path = todo_list;
			sourceTree = "<group>";
		};
/* End PBXGroup section */

/* Begin PBXNativeTarget section */
		848F7B2C1FEA237F0043DDED /* todo_list */ = {
			isa = PBXNativeTarget;
			buildConfigurationList = 848F7B3F1FEA237F0043DDED /* Build configuration list for PBXNativeTarget "todo_list" */;
			buildPhases = (
				848F7B291FEA237F0043DDED /* Sources */,
				848F7B2A1FEA237F0043DDED /* Frameworks */,
				848F7B2B1FEA237F0043DDED /* Resources */,
			);
			buildRules = (
			);
			dependencies = (
			);
			name = todo_list;
			productName = todo_list;
			productReference = 848F7B2D1FEA237F0043DDED /* todo_list.app */;
			productType = "com.apple.product-type.application";
		};
/* End PBXNativeTarget section */

/* Begin PBXProject section */
		848F7B251FEA237F0043DDED /* Project object */ = {
			isa = PBXProject;
			attributes = {
				LastSwiftUpdateCheck = 0920;
				LastUpgradeCheck = 0920;
				ORGANIZATIONNAME = ADMIN;
				TargetAttributes = {
					848F7B2C1FEA237F0043DDED = {
						CreatedOnToolsVersion = 9.2;
						ProvisioningStyle = Automatic;
					};
				};
			};
			buildConfigurationList = 848F7B281FEA237F0043DDED /* Build configuration list for PBXProject "todo_list" */;
			compatibilityVersion = "Xcode 8.0";
			developmentRegion = en;
			hasScannedForEncodings = 0;
			knownRegions = (
				en,
				Base,
			);
			mainGroup = 848F7B241FEA237F0043DDED;
			productRefGroup = 848F7B2E1FEA237F0043DDED /* Products */;
			projectDirPath = "";
			projectRoot = "";
			targets = (
				848F7B2C1FEA237F0043DDED /* todo_list */,
			);
		};
/* End PBXProject section */

/* Begin PBXResourcesBuildPhase section */
		848F7B2B1FEA237F0043DDED /* Resources */ = {
			isa = PBXResourcesBuildPhase;
			buildActionMask = 2147483647;
			files = (
				848F7B3B1FEA237F0043DDED /* LaunchScreen.storyboard in Resources */,
				848F7B381FEA237F0043DDED /* Assets.xcassets in Resources */,
				848F7B361FEA237F0043DDED /* Main.storyboard in Resources */,
			);
			runOnlyForDeploymentPostprocessing = 0;
		};
/* End PBXResourcesBuildPhase section */

/* Begin PBXSourcesBuildPhase section */
		848F7B291FEA237F0043DDED /* Sources */ = {
			isa = PBXSourcesBuildPhase;
			buildActionMask = 2147483647;
			files = (
				848F7B331FEA237F0043DDED /* TodoLIst_viewcontroller.swift in Sources */,
				848F7B311FEA237F0043DDED /* AppDelegate.swift in Sources */,
				848F7B431FEA2B7A0043DDED /* mh3.swift in Sources */,
			);
			runOnlyForDeploymentPostprocessing = 0;
		};
/* End PBXSourcesBuildPhase section */

/* Begin PBXVariantGroup section */
		848F7B341FEA237F0043DDED /* Main.storyboard */ = {
			isa = PBXVariantGroup;
			children = (
				848F7B351FEA237F0043DDED /* Base */,
			);
			name = Main.storyboard;
			sourceTree = "<group>";
		};
		848F7B391FEA237F0043DDED /* LaunchScreen.storyboard */ = {
			isa = PBXVariantGroup;
			children = (
				848F7B3A1FEA237F0043DDED /* Base */,
			);
			name = LaunchScreen.storyboard;
			sourceTree = "<group>";
		};
/* End PBXVariantGroup section */

/* Begin XCBuildConfiguration section */
		848F7B3D1FEA237F0043DDED /* Debug */ = {
			isa = XCBuildConfiguration;
			buildSettings = {
				ALWAYS_SEARCH_USER_PATHS = NO;
				CLANG_ANALYZER_NONNULL = YES;
				CLANG_ANALYZER_NUMBER_OBJECT_CONVERSION = YES_AGGRESSIVE;
				CLANG_CXX_LANGUAGE_STANDARD = "gnu++14";
				CLANG_CXX_LIBRARY = "libc++";
				CLANG_ENABLE_MODULES = YES;
				CLANG_ENABLE_OBJC_ARC = YES;
				CLANG_WARN_BLOCK_CAPTURE_AUTORELEASING = YES;
				CLANG_WARN_BOOL_CONVERSION = YES;
				CLANG_WARN_COMMA = YES;
				CLANG_WARN_CONSTANT_CONVERSION = YES;
				CLANG_WARN_DIRECT_OBJC_ISA_USAGE = YES_ERROR;
				CLANG_WARN_DOCUMENTATION_COMMENTS = YES;
				CLANG_WARN_EMPTY_BODY = YES;
				CLANG_WARN_ENUM_CONVERSION = YES;
				CLANG_WARN_INFINITE_RECURSION = YES;
				CLANG_WARN_INT_CONVERSION = YES;
				CLANG_WARN_NON_LITERAL_NULL_CONVERSION = YES;
				CLANG_WARN_OBJC_LITERAL_CONVERSION = YES;
				CLANG_WARN_OBJC_ROOT_CLASS = YES_ERROR;
				CLANG_WARN_RANGE_LOOP_ANALYSIS = YES;
				CLANG_WARN_STRICT_PROTOTYPES = YES;
				CLANG_WARN_SUSPICIOUS_MOVE = YES;
				CLANG_WARN_UNGUARDED_AVAILABILITY = YES_AGGRESSIVE;
				CLANG_WARN_UNREACHABLE_CODE = YES;
				CLANG_WARN__DUPLICATE_METHOD_MATCH = YES;
				CODE_SIGN_IDENTITY = "iPhone Developer";
				COPY_PHASE_STRIP = NO;
				DEBUG_INFORMATION_FORMAT = dwarf;
				ENABLE_STRICT_OBJC_MSGSEND = YES;
				ENABLE_TESTABILITY = YES;
				GCC_C_LANGUAGE_STANDARD = gnu11;
				GCC_DYNAMIC_NO_PIC = NO;
				GCC_NO_COMMON_BLOCKS = YES;
				GCC_OPTIMIZATION_LEVEL = 0;
				GCC_PREPROCESSOR_DEFINITIONS = (
					"DEBUG=1",
					"$(inherited)",
				);
				GCC_WARN_64_TO_32_BIT_CONVERSION = YES;
				GCC_WARN_ABOUT_RETURN_TYPE = YES_ERROR;
				GCC_WARN_UNDECLARED_SELECTOR = YES;
				GCC_WARN_UNINITIALIZED_AUTOS = YES_AGGRESSIVE;
				GCC_WARN_UNUSED_FUNCTION = YES;
				GCC_WARN_UNUSED_VARIABLE = YES;
				IPHONEOS_DEPLOYMENT_TARGET = 11.2;
				MTL_ENABLE_DEBUG_INFO = YES;
				ONLY_ACTIVE_ARCH = YES;
				SDKROOT = iphoneos;
				SWIFT_ACTIVE_COMPILATION_CONDITIONS = DEBUG;
				SWIFT_OPTIMIZATION_LEVEL = "-Onone";
			};
			name = Debug;
		};
		848F7B3E1FEA237F0043DDED /* Release */ = {
			isa = XCBuildConfiguration;
			buildSettings = {
				ALWAYS_SEARCH_USER_PATHS = NO;
				CLANG_ANALYZER_NONNULL = YES;
				CLANG_ANALYZER_NUMBER_OBJECT_CONVERSION = YES_AGGRESSIVE;
				CLANG_CXX_LANGUAGE_STANDARD = "gnu++14";
				CLANG_CXX_LIBRARY = "libc++";
				CLANG_ENABLE_MODULES = YES;
				CLANG_ENABLE_OBJC_ARC = YES;
				CLANG_WARN_BLOCK_CAPTURE_AUTORELEASING = YES;
				CLANG_WARN_BOOL_CONVERSION = YES;
				CLANG_WARN_COMMA = YES;
				CLANG_WARN_CONSTANT_CONVERSION = YES;
				CLANG_WARN_DIRECT_OBJC_ISA_USAGE = YES_ERROR;
				CLANG_WARN_DOCUMENTATION_COMMENTS = YES;
				CLANG_WARN_EMPTY_BODY = YES;
				CLANG_WARN_ENUM_CONVERSION = YES;
				CLANG_WARN_INFINITE_RECURSION = YES;
				CLANG_WARN_INT_CONVERSION = YES;
				CLANG_WARN_NON_LITERAL_NULL_CONVERSION = YES;
				CLANG_WARN_OBJC_LITERAL_CONVERSION = YES;
				CLANG_WARN_OBJC_ROOT_CLASS = YES_ERROR;
				CLANG_WARN_RANGE_LOOP_ANALYSIS = YES;
				CLANG_WARN_STRICT_PROTOTYPES = YES;
				CLANG_WARN_SUSPICIOUS_MOVE = YES;
				CLANG_WARN_UNGUARDED_AVAILABILITY = YES_AGGRESSIVE;
				CLANG_WARN_UNREACHABLE_CODE = YES;
				CLANG_WARN__DUPLICATE_METHOD_MATCH = YES;
				CODE_SIGN_IDENTITY = "iPhone Developer";
				COPY_PHASE_STRIP = NO;
				DEBUG_INFORMATION_FORMAT = "dwarf-with-dsym";
				ENABLE_NS_ASSERTIONS = NO;
				ENABLE_STRICT_OBJC_MSGSEND = YES;
				GCC_C_LANGUAGE_STANDARD = gnu11;
				GCC_NO_COMMON_BLOCKS = YES;
				GCC_WARN_64_TO_32_BIT_CONVERSION = YES;
				GCC_WARN_ABOUT_RETURN_TYPE = YES_ERROR;
				GCC_WARN_UNDECLARED_SELECTOR = YES;
				GCC_WARN_UNINITIALIZED_AUTOS = YES_AGGRESSIVE;
				GCC_WARN_UNUSED_FUNCTION = YES;
				GCC_WARN_UNUSED_VARIABLE = YES;
				IPHONEOS_DEPLOYMENT_TARGET = 11.2;
				MTL_ENABLE_DEBUG_INFO = NO;
				SDKROOT = iphoneos;
				SWIFT_OPTIMIZATION_LEVEL = "-Owholemodule";
				VALIDATE_PRODUCT = YES;
			};
			name = Release;
		};
		848F7B401FEA237F0043DDED /* Debug */ = {
			isa = XCBuildConfiguration;
			buildSettings = {
				ASSETCATALOG_COMPILER_APPICON_NAME = AppIcon;
				CODE_SIGN_STYLE = Automatic;
				DEVELOPMENT_TEAM = A4LFPR8HY7;
				INFOPLIST_FILE = todo_list/Info.plist;
				LD_RUNPATH_SEARCH_PATHS = "$(inherited) @executable_path/Frameworks";
				PRODUCT_BUNDLE_IDENTIFIER = "com.Organization.todo-list";
				PRODUCT_NAME = "$(TARGET_NAME)";
				SWIFT_VERSION = 4.0;
				TARGETED_DEVICE_FAMILY = "1,2";
			};
			name = Debug;
		};
		848F7B411FEA237F0043DDED /* Release */ = {
			isa = XCBuildConfiguration;
			buildSettings = {
				ASSETCATALOG_COMPILER_APPICON_NAME = AppIcon;
				CODE_SIGN_STYLE = Automatic;
				DEVELOPMENT_TEAM = A4LFPR8HY7;
				INFOPLIST_FILE = todo_list/Info.plist;
				LD_RUNPATH_SEARCH_PATHS = "$(inherited) @executable_path/Frameworks";
				PRODUCT_BUNDLE_IDENTIFIER = "com.Organization.todo-list";
				PRODUCT_NAME = "$(TARGET_NAME)";
				SWIFT_VERSION = 4.0;
				TARGETED_DEVICE_FAMILY = "1,2";
			};
			name = Release;
		};
/* End XCBuildConfiguration section */

/* Begin XCConfigurationList section */
		848F7B281FEA237F0043DDED /* Build configuration list for PBXProject "todo_list" */ = {
			isa = XCConfigurationList;
			buildConfigurations = (
				848F7B3D1FEA237F0043DDED /* Debug */,
				848F7B3E1FEA237F0043DDED /* Release */,
			);
			defaultConfigurationIsVisible = 0;
			defaultConfigurationName = Release;
		};
		848F7B3F1FEA237F0043DDED /* Build configuration list for PBXNativeTarget "todo_list" */ = {
			isa = XCConfigurationList;
			buildConfigurations = (
				848F7B401FEA237F0043DDED /* Debug */,
				848F7B411FEA237F0043DDED /* Release */,
			);
			defaultConfigurationIsVisible = 0;
			defaultConfigurationName = Release;
		};
/* End XCConfigurationList section */
	};
	rootObject = 848F7B251FEA237F0043DDED /* Project object */;
}
